// !$*UTF8*$!
{
	archiveVersion = 1;
	classes = {
	};
	objectVersion = 60;
	objects = {

/* Begin PBXBuildFile section */
		0CB79563C68C21CAF36BC759 /* AppServices.swift in Sources */ = {isa = PBXBuildFile; fileRef = E428F8B14B1FBFD3CFFC9393 /* AppServices.swift */; };
		0E81C6F6B4308B354B8A4877 /* LoginView.swift in Sources */ = {isa = PBXBuildFile; fileRef = 52104617E4FFCEAB354D258C /* LoginView.swift */; };
		EA70E9A4A35FD218001E0B65 /* OnboardingView.swift in Sources */ = {isa = PBXBuildFile; fileRef = E866EFE14C78CD47001E0B65 /* OnboardingView.swift */; };
		357B45FCD5B15783AFF04E14 /* FriendsView.swift in Sources */ = {isa = PBXBuildFile; fileRef = 4050C07E21F4EBF1834A54E6 /* FriendsView.swift */; };
		3D2D30A0174076DD2F0DBFA3 /* OrbitUI in Frameworks */ = {isa = PBXBuildFile; productRef = 9006EC29068E2AE2A5CB73BC /* OrbitUI */; };
		4325BCC265BADD0B90244CDE /* AvatarEditorView.swift in Sources */ = {isa = PBXBuildFile; fileRef = 22F4026167B4941975EB569E /* AvatarEditorView.swift */; };
		495B545BEC804FE79A9C0392 /* WeatherDetailView.swift in Sources */ = {isa = PBXBuildFile; fileRef = AD22F943B27846398963B03E /* WeatherDetailView.swift */; };
		552DA7A579B4D48E4226EDE2 /* OrbitCore in Frameworks */ = {isa = PBXBuildFile; productRef = B7CD6A791B4B17FB6173EFDE /* OrbitCore */; };
		5A5F042553321041247B447E /* ReportingSettingsView.swift in Sources */ = {isa = PBXBuildFile; fileRef = EDBF7ACF96F60530C2D4DAAC /* ReportingSettingsView.swift */; };
		5B9ABAE8B982A5C74910D661 /* ProfileView.swift in Sources */ = {isa = PBXBuildFile; fileRef = 38BDB14218C6806634F38CD7 /* ProfileView.swift */; };
		64B6B361845D40DE8310C59C /* Localizable.strings in Resources */ = {isa = PBXBuildFile; fileRef = E181889029FE4C18AD9AFD4D /* Localizable.strings */; };
		6F27C16891ACCAF8DA512449 /* RootView.swift in Sources */ = {isa = PBXBuildFile; fileRef = 6B517D591155834DFE63229E /* RootView.swift */; };
		9BE5F94F2F49E63846C9521B /* Assets.xcassets in Resources */ = {isa = PBXBuildFile; fileRef = DE384496F97606BD6D7C5641 /* Assets.xcassets */; };
		9E0CAE2BE0F6975A245BB273 /* AppDelegate.swift in Sources */ = {isa = PBXBuildFile; fileRef = 07E8C556A3BE663970296473 /* AppDelegate.swift */; };
		A372222470D084277614F99E /* FirebaseBackendService.swift in Sources */ = {isa = PBXBuildFile; fileRef = A90A8B120A9AA97971E6ADC6 /* FirebaseBackendService.swift */; };
		AD2D13476859FCE865DF0D28 /* LiveBackendService.swift in Sources */ = {isa = PBXBuildFile; fileRef = 12CBB14EEB9DD90F95B369BA /* LiveBackendService.swift */; };
		B5E4428C3010CCD700773483 /* OrbitCore in Frameworks */ = {isa = PBXBuildFile; productRef = B5E4428B3010CCD700773483 /* OrbitCore */; };
		B5E4428F3010CCE000773483 /* OrbitServices in Frameworks */ = {isa = PBXBuildFile; productRef = B5E4428E3010CCE000773483 /* OrbitServices */; };
		B5E442923010CCE700773483 /* OrbitUI in Frameworks */ = {isa = PBXBuildFile; productRef = B5E442913010CCE700773483 /* OrbitUI */; };
		B5EB229630198CCA001E0B65 /* ChatViewModel.swift in Sources */ = {isa = PBXBuildFile; fileRef = B5EB229430198CCA001E0B65 /* ChatViewModel.swift */; };
		B5EB229730198CCA001E0B65 /* EmojiBurstOverlay.swift in Sources */ = {isa = PBXBuildFile; fileRef = B5EB229530198CCA001E0B65 /* EmojiBurstOverlay.swift */; };
		B5EB229930198CDA001E0B65 /* AmbientPanelView.swift in Sources */ = {isa = PBXBuildFile; fileRef = B5EB229830198CDA001E0B65 /* AmbientPanelView.swift */; };
		33851D1BB0618A33001E0B65 /* GhostInfoView.swift in Sources */ = {isa = PBXBuildFile; fileRef = 3F976E7880CC44EA001E0B65 /* GhostInfoView.swift */; };
		B5EB229B30198CE7001E0B65 /* PlaceDetailSheet.swift in Sources */ = {isa = PBXBuildFile; fileRef = B5EB229A30198CE7001E0B65 /* PlaceDetailSheet.swift */; };
		B5EB229F30198CF0001E0B65 /* EntryDetailSheet.swift in Sources */ = {isa = PBXBuildFile; fileRef = B5EB229D30198CF0001E0B65 /* EntryDetailSheet.swift */; };
		B5EB22A030198CF0001E0B65 /* QuickFeatureDetailSheet.swift in Sources */ = {isa = PBXBuildFile; fileRef = B5EB229E30198CF0001E0B65 /* QuickFeatureDetailSheet.swift */; };
		B5EB22A130198CF0001E0B65 /* DiaryDetailSheet.swift in Sources */ = {isa = PBXBuildFile; fileRef = B5EB229C30198CF0001E0B65 /* DiaryDetailSheet.swift */; };
		BAF8D759A05B7A7230614A76 /* MapHomeView.swift in Sources */ = {isa = PBXBuildFile; fileRef = 0A34A8D71FA3D56ACB389DE1 /* MapHomeView.swift */; };
		CD4D6385348CB1F505F7F62D /* StatusHistoryView.swift in Sources */ = {isa = PBXBuildFile; fileRef = C69B045CB622B4F5B881C365 /* StatusHistoryView.swift */; };
		CEE76672AED549A4A3F1F5B2 /* MembershipView.swift in Sources */ = {isa = PBXBuildFile; fileRef = FA65C3A12AE6474C8907D2D2 /* MembershipView.swift */; };
		DA5D5BA1393E072F3CB048E3 /* ChatView.swift in Sources */ = {isa = PBXBuildFile; fileRef = E26D2C975F40BC83CEBAC7BA /* ChatView.swift */; };
		DF5B16AA480083FBCEAB0050 /* AddFriendView.swift in Sources */ = {isa = PBXBuildFile; fileRef = 48414B089652D9C90B8F8D2D /* AddFriendView.swift */; };
		E9B67305A3E41997FDE5B343 /* OrbitServices in Frameworks */ = {isa = PBXBuildFile; productRef = 6CF308983486947A37BA37F0 /* OrbitServices */; };
		F0097559B104D2E1D5AFEC7F /* OrbitApp.swift in Sources */ = {isa = PBXBuildFile; fileRef = A4292FC0DA5387F8CB84084B /* OrbitApp.swift */; };
		F59ECA25DF584B7185507A00 /* LanguageManager.swift in Sources */ = {isa = PBXBuildFile; fileRef = B5DC978677544AF1AB630200 /* LanguageManager.swift */; };
		FB18DE14643D698D372B4A17 /* ConversationsView.swift in Sources */ = {isa = PBXBuildFile; fileRef = 3E50F977FEA5E49A603B31EF /* ConversationsView.swift */; };
		FD9742195984F61EFF8DF51A /* FriendDetailSheet.swift in Sources */ = {isa = PBXBuildFile; fileRef = B158E2904C303DB3D06D2931 /* FriendDetailSheet.swift */; };
		FF4B752F86B987838BE3A409 /* AppEnvironment.swift in Sources */ = {isa = PBXBuildFile; fileRef = ED915F2E4E41281307FBDE52 /* AppEnvironment.swift */; };
/* End PBXBuildFile section */

/* Begin PBXFileReference section */
		07E8C556A3BE663970296473 /* AppDelegate.swift */ = {isa = PBXFileReference; lastKnownFileType = sourcecode.swift; path = AppDelegate.swift; sourceTree = "<group>"; };
		0A34A8D71FA3D56ACB389DE1 /* MapHomeView.swift */ = {isa = PBXFileReference; lastKnownFileType = sourcecode.swift; path = MapHomeView.swift; sourceTree = "<group>"; };
		12CBB14EEB9DD90F95B369BA /* LiveBackendService.swift */ = {isa = PBXFileReference; lastKnownFileType = sourcecode.swift; path = LiveBackendService.swift; sourceTree = "<group>"; };
		1B0F00EF254645078964A239 /* zh-Hans */ = {isa = PBXFileReference; lastKnownFileType = text.plist.strings; name = "zh-Hans"; path = "Orbit/zh-Hans.lproj/Localizable.strings"; sourceTree = SOURCE_ROOT; };
		22F4026167B4941975EB569E /* AvatarEditorView.swift */ = {isa = PBXFileReference; lastKnownFileType = sourcecode.swift; path = AvatarEditorView.swift; sourceTree = "<group>"; };
		38BDB14218C6806634F38CD7 /* ProfileView.swift */ = {isa = PBXFileReference; lastKnownFileType = sourcecode.swift; path = ProfileView.swift; sourceTree = "<group>"; };
		3E50F977FEA5E49A603B31EF /* ConversationsView.swift */ = {isa = PBXFileReference; lastKnownFileType = sourcecode.swift; path = ConversationsView.swift; sourceTree = "<group>"; };
		4050C07E21F4EBF1834A54E6 /* FriendsView.swift */ = {isa = PBXFileReference; lastKnownFileType = sourcecode.swift; path = FriendsView.swift; sourceTree = "<group>"; };
		48414B089652D9C90B8F8D2D /* AddFriendView.swift */ = {isa = PBXFileReference; lastKnownFileType = sourcecode.swift; path = AddFriendView.swift; sourceTree = "<group>"; };
		52104617E4FFCEAB354D258C /* LoginView.swift */ = {isa = PBXFileReference; lastKnownFileType = sourcecode.swift; path = LoginView.swift; sourceTree = "<group>"; };
		E866EFE14C78CD47001E0B65 /* OnboardingView.swift */ = {isa = PBXFileReference; lastKnownFileType = sourcecode.swift; path = OnboardingView.swift; sourceTree = "<group>"; };
		6B517D591155834DFE63229E /* RootView.swift */ = {isa = PBXFileReference; lastKnownFileType = sourcecode.swift; path = RootView.swift; sourceTree = "<group>"; };
		996AD237BC284D463E664FFE /* Orbit.app */ = {isa = PBXFileReference; explicitFileType = wrapper.application; includeInIndex = 0; path = Orbit.app; sourceTree = BUILT_PRODUCTS_DIR; };
		A4292FC0DA5387F8CB84084B /* OrbitApp.swift */ = {isa = PBXFileReference; lastKnownFileType = sourcecode.swift; path = OrbitApp.swift; sourceTree = "<group>"; };
		A90A8B120A9AA97971E6ADC6 /* FirebaseBackendService.swift */ = {isa = PBXFileReference; lastKnownFileType = sourcecode.swift; path = FirebaseBackendService.swift; sourceTree = "<group>"; };
		ACFBDAB4DE1CCFDAF9F419C7 /* GoogleService-Info.plist.sample */ = {isa = PBXFileReference; lastKnownFileType = text; path = "GoogleService-Info.plist.sample"; sourceTree = "<group>"; };
		AD22F943B27846398963B03E /* WeatherDetailView.swift */ = {isa = PBXFileReference; lastKnownFileType = sourcecode.swift; path = WeatherDetailView.swift; sourceTree = "<group>"; };
		B158E2904C303DB3D06D2931 /* FriendDetailSheet.swift */ = {isa = PBXFileReference; lastKnownFileType = sourcecode.swift; path = FriendDetailSheet.swift; sourceTree = "<group>"; };
		B5DC978677544AF1AB630200 /* LanguageManager.swift */ = {isa = PBXFileReference; lastKnownFileType = sourcecode.swift; path = LanguageManager.swift; sourceTree = "<group>"; };
		B5EB229430198CCA001E0B65 /* ChatViewModel.swift */ = {isa = PBXFileReference; lastKnownFileType = sourcecode.swift; path = ChatViewModel.swift; sourceTree = "<group>"; };
		B5EB229530198CCA001E0B65 /* EmojiBurstOverlay.swift */ = {isa = PBXFileReference; lastKnownFileType = sourcecode.swift; path = EmojiBurstOverlay.swift; sourceTree = "<group>"; };
		B5EB229830198CDA001E0B65 /* AmbientPanelView.swift */ = {isa = PBXFileReference; lastKnownFileType = sourcecode.swift; path = AmbientPanelView.swift; sourceTree = "<group>"; };
		3F976E7880CC44EA001E0B65 /* GhostInfoView.swift */ = {isa = PBXFileReference; lastKnownFileType = sourcecode.swift; path = GhostInfoView.swift; sourceTree = "<group>"; };
		B5EB229A30198CE7001E0B65 /* PlaceDetailSheet.swift */ = {isa = PBXFileReference; lastKnownFileType = sourcecode.swift; path = PlaceDetailSheet.swift; sourceTree = "<group>"; };
		B5EB229C30198CF0001E0B65 /* DiaryDetailSheet.swift */ = {isa = PBXFileReference; lastKnownFileType = sourcecode.swift; path = DiaryDetailSheet.swift; sourceTree = "<group>"; };
		B5EB229D30198CF0001E0B65 /* EntryDetailSheet.swift */ = {isa = PBXFileReference; lastKnownFileType = sourcecode.swift; path = EntryDetailSheet.swift; sourceTree = "<group>"; };
		B5EB229E30198CF0001E0B65 /* QuickFeatureDetailSheet.swift */ = {isa = PBXFileReference; lastKnownFileType = sourcecode.swift; path = QuickFeatureDetailSheet.swift; sourceTree = "<group>"; };
		B7CDA78EA1804CD18AC7D530 /* Info.plist */ = {isa = PBXFileReference; lastKnownFileType = text.plist.xml; path = Info.plist; sourceTree = "<group>"; };
		C69B045CB622B4F5B881C365 /* StatusHistoryView.swift */ = {isa = PBXFileReference; includeInIndex = 1; lastKnownFileType = sourcecode.swift; path = StatusHistoryView.swift; sourceTree = "<group>"; };
		DE384496F97606BD6D7C5641 /* Assets.xcassets */ = {isa = PBXFileReference; lastKnownFileType = folder.assetcatalog; path = Assets.xcassets; sourceTree = "<group>"; };
		E26D2C975F40BC83CEBAC7BA /* ChatView.swift */ = {isa = PBXFileReference; lastKnownFileType = sourcecode.swift; path = ChatView.swift; sourceTree = "<group>"; };
		E428F8B14B1FBFD3CFFC9393 /* AppServices.swift */ = {isa = PBXFileReference; lastKnownFileType = sourcecode.swift; path = AppServices.swift; sourceTree = "<group>"; };
		ED18D1181A1D44C383490FEE /* en */ = {isa = PBXFileReference; lastKnownFileType = text.plist.strings; name = en; path = Orbit/en.lproj/Localizable.strings; sourceTree = SOURCE_ROOT; };
		ED915F2E4E41281307FBDE52 /* AppEnvironment.swift */ = {isa = PBXFileReference; lastKnownFileType = sourcecode.swift; path = AppEnvironment.swift; sourceTree = "<group>"; };
		EDBF7ACF96F60530C2D4DAAC /* ReportingSettingsView.swift */ = {isa = PBXFileReference; lastKnownFileType = sourcecode.swift; path = ReportingSettingsView.swift; sourceTree = "<group>"; };
		FA65C3A12AE6474C8907D2D2 /* MembershipView.swift */ = {isa = PBXFileReference; lastKnownFileType = sourcecode.swift; path = MembershipView.swift; sourceTree = "<group>"; };
/* End PBXFileReference section */

/* Begin PBXFrameworksBuildPhase section */
		4FCBC29864E7C7752B7E193F /* Frameworks */ = {
			isa = PBXFrameworksBuildPhase;
			buildActionMask = 2147483647;
			files = (
				552DA7A579B4D48E4226EDE2 /* OrbitCore in Frameworks */,
				3D2D30A0174076DD2F0DBFA3 /* OrbitUI in Frameworks */,
				B5E4428C3010CCD700773483 /* OrbitCore in Frameworks */,
				B5E442923010CCE700773483 /* OrbitUI in Frameworks */,
				B5E4428F3010CCE000773483 /* OrbitServices in Frameworks */,
				E9B67305A3E41997FDE5B343 /* OrbitServices in Frameworks */,
			);
			runOnlyForDeploymentPostprocessing = 0;
		};
/* End PBXFrameworksBuildPhase section */

/* Begin PBXGroup section */
		0A2C978E52A76F0AA9F68BB5 /* Products */ = {
			isa = PBXGroup;
			children = (
				996AD237BC284D463E664FFE /* Orbit.app */,
			);
			name = Products;
			sourceTree = "<group>";
		};
		1B74021AEA72C5B36AD68E0D /* Profile */ = {
			isa = PBXGroup;
			children = (
				22F4026167B4941975EB569E /* AvatarEditorView.swift */,
				38BDB14218C6806634F38CD7 /* ProfileView.swift */,
				FA65C3A12AE6474C8907D2D2 /* MembershipView.swift */,
				EDBF7ACF96F60530C2D4DAAC /* ReportingSettingsView.swift */,
				B5EB229A30198CE7001E0B65 /* PlaceDetailSheet.swift */,
			);
			path = Profile;
			sourceTree = "<group>";
		};
		1D86C9697E60FB276D39EAD1 /* Services */ = {
			isa = PBXGroup;
			children = (
				A90A8B120A9AA97971E6ADC6 /* FirebaseBackendService.swift */,
				12CBB14EEB9DD90F95B369BA /* LiveBackendService.swift */,
			);
			path = Services;
			sourceTree = "<group>";
		};
		2562ED786D1208B0FF57FF9D /* Features */ = {
			isa = PBXGroup;
			children = (
				AB87732ABA8706825F5A5822 /* Chat */,
				4D7FDDAC636C0AF4FC828FB7 /* Friends */,
				68B3D185FB3B0BDE0F99B1EA /* Map */,
				A1E6E0C477635B981873F8A0 /* Onboarding */,
				1B74021AEA72C5B36AD68E0D /* Profile */,
				45782AD4D7A31215202EA2F3 /* History */,
			);
			path = Features;
			sourceTree = "<group>";
		};
		2B731CEFC6751AAE0EC69B98 = {
			isa = PBXGroup;
			children = (
				951A8348117A3E83C2CDAB15 /* Orbit */,
				0A2C978E52A76F0AA9F68BB5 /* Products */,
			);
			sourceTree = "<group>";
		};
		45782AD4D7A31215202EA2F3 /* History */ = {
			isa = PBXGroup;
			children = (
				C69B045CB622B4F5B881C365 /* StatusHistoryView.swift */,
				B5EB229C30198CF0001E0B65 /* DiaryDetailSheet.swift */,
				B5EB229D30198CF0001E0B65 /* EntryDetailSheet.swift */,
				B5EB229E30198CF0001E0B65 /* QuickFeatureDetailSheet.swift */,
				E181889029FE4C18AD9AFD4D /* Localizable.strings */,
			);
			path = History;
			sourceTree = "<group>";
		};
		4D7FDDAC636C0AF4FC828FB7 /* Friends */ = {
			isa = PBXGroup;
			children = (
				48414B089652D9C90B8F8D2D /* AddFriendView.swift */,
				4050C07E21F4EBF1834A54E6 /* FriendsView.swift */,
			);
			path = Friends;
			sourceTree = "<group>";
		};
		68B3D185FB3B0BDE0F99B1EA /* Map */ = {
			isa = PBXGroup;
			children = (
				B158E2904C303DB3D06D2931 /* FriendDetailSheet.swift */,
				0A34A8D71FA3D56ACB389DE1 /* MapHomeView.swift */,
				AD22F943B27846398963B03E /* WeatherDetailView.swift */,
				B5EB229830198CDA001E0B65 /* AmbientPanelView.swift */,
				3F976E7880CC44EA001E0B65 /* GhostInfoView.swift */,
			);
			path = Map;
			sourceTree = "<group>";
		};
		82A08E86D1744AC61AAB9DE8 /* Resources */ = {
			isa = PBXGroup;
			children = (
				DE384496F97606BD6D7C5641 /* Assets.xcassets */,
				ACFBDAB4DE1CCFDAF9F419C7 /* GoogleService-Info.plist.sample */,
				B7CDA78EA1804CD18AC7D530 /* Info.plist */,
			);
			path = Resources;
			sourceTree = "<group>";
		};
		951A8348117A3E83C2CDAB15 /* Orbit */ = {
			isa = PBXGroup;
			children = (
				C9BDDB53F6B1B8E1973281C5 /* App */,
				2562ED786D1208B0FF57FF9D /* Features */,
				82A08E86D1744AC61AAB9DE8 /* Resources */,
				1D86C9697E60FB276D39EAD1 /* Services */,
			);
			path = Orbit;
			sourceTree = "<group>";
		};
		A1E6E0C477635B981873F8A0 /* Onboarding */ = {
			isa = PBXGroup;
			children = (
				52104617E4FFCEAB354D258C /* LoginView.swift */,
				E866EFE14C78CD47001E0B65 /* OnboardingView.swift */,
			);
			path = Onboarding;
			sourceTree = "<group>";
		};
		AB87732ABA8706825F5A5822 /* Chat */ = {
			isa = PBXGroup;
			children = (
				E26D2C975F40BC83CEBAC7BA /* ChatView.swift */,
				B5EB229430198CCA001E0B65 /* ChatViewModel.swift */,
				B5EB229530198CCA001E0B65 /* EmojiBurstOverlay.swift */,
				3E50F977FEA5E49A603B31EF /* ConversationsView.swift */,
			);
			path = Chat;
			sourceTree = "<group>";
		};
		C9BDDB53F6B1B8E1973281C5 /* App */ = {
			isa = PBXGroup;
			children = (
				07E8C556A3BE663970296473 /* AppDelegate.swift */,
				ED915F2E4E41281307FBDE52 /* AppEnvironment.swift */,
				B5DC978677544AF1AB630200 /* LanguageManager.swift */,
				E428F8B14B1FBFD3CFFC9393 /* AppServices.swift */,
				A4292FC0DA5387F8CB84084B /* OrbitApp.swift */,
				6B517D591155834DFE63229E /* RootView.swift */,
			);
			path = App;
			sourceTree = "<group>";
		};
/* End PBXGroup section */

/* Begin PBXNativeTarget section */
		42AEFBAE01D2DFD981F7DA7D /* Orbit */ = {
			isa = PBXNativeTarget;
			buildConfigurationList = 4985AD989563B2F3A8B7C515 /* Build configuration list for PBXNativeTarget "Orbit" */;
			buildPhases = (
				C197A1D4E0DE673615AC32CB /* Sources */,
				4FCBC29864E7C7752B7E193F /* Frameworks */,
				8A6A452CEE30B0908A47D41D /* Resources */,
			);
			buildRules = (
			);
			dependencies = (
			);
			name = Orbit;
			packageProductDependencies = (
				B7CD6A791B4B17FB6173EFDE /* OrbitCore */,
				9006EC29068E2AE2A5CB73BC /* OrbitUI */,
				6CF308983486947A37BA37F0 /* OrbitServices */,
				B5E4428B3010CCD700773483 /* OrbitCore */,
				B5E4428E3010CCE000773483 /* OrbitServices */,
				B5E442913010CCE700773483 /* OrbitUI */,
			);
			productName = Orbit;
			productReference = 996AD237BC284D463E664FFE /* Orbit.app */;
			productType = "com.apple.product-type.application";
		};
/* End PBXNativeTarget section */

/* Begin PBXProject section */
		46F86FAA6BBF9AC94A7E4595 /* Project object */ = {
			isa = PBXProject;
			attributes = {
				BuildIndependentTargetsInParallel = 1;
				LastSwiftUpdateCheck = 1420;
				LastUpgradeCheck = 2650;
				TargetAttributes = {
					42AEFBAE01D2DFD981F7DA7D = {
						CreatedOnToolsVersion = 14.2;
					};
				};
			};
			buildConfigurationList = 4513333F934C61E7818EFCC3 /* Build configuration list for PBXProject "Orbit" */;
			compatibilityVersion = "Xcode 14.0";
			developmentRegion = en;
			hasScannedForEncodings = 0;
			knownRegions = (
				en,
				Base,
				"zh-Hans",
			);
			mainGroup = 2B731CEFC6751AAE0EC69B98;
			packageReferences = (
				B5E4428A3010CCD700773483 /* XCLocalSwiftPackageReference "Packages/OrbitCore" */,
				B5E4428D3010CCE000773483 /* XCLocalSwiftPackageReference "Packages/OrbitServices" */,
				B5E442903010CCE700773483 /* XCLocalSwiftPackageReference "Packages/OrbitUI" */,
			);
			productRefGroup = 0A2C978E52A76F0AA9F68BB5 /* Products */;
			projectDirPath = "";
			projectRoot = "";
			targets = (
				42AEFBAE01D2DFD981F7DA7D /* Orbit */,
			);
		};
/* End PBXProject section */

/* Begin PBXResourcesBuildPhase section */
		8A6A452CEE30B0908A47D41D /* Resources */ = {
			isa = PBXResourcesBuildPhase;
			buildActionMask = 2147483647;
			files = (
				9BE5F94F2F49E63846C9521B /* Assets.xcassets in Resources */,
				64B6B361845D40DE8310C59C /* Localizable.strings in Resources */,
			);
			runOnlyForDeploymentPostprocessing = 0;
		};
/* End PBXResourcesBuildPhase section */

/* Begin PBXSourcesBuildPhase section */
		C197A1D4E0DE673615AC32CB /* Sources */ = {
			isa = PBXSourcesBuildPhase;
			buildActionMask = 2147483647;
			files = (
				9E0CAE2BE0F6975A245BB273 /* AppDelegate.swift in Sources */,
				FF4B752F86B987838BE3A409 /* AppEnvironment.swift in Sources */,
				B5EB229630198CCA001E0B65 /* ChatViewModel.swift in Sources */,
				B5EB229730198CCA001E0B65 /* EmojiBurstOverlay.swift in Sources */,
				B5EB229930198CDA001E0B65 /* AmbientPanelView.swift in Sources */,
				33851D1BB0618A33001E0B65 /* GhostInfoView.swift in Sources */,
				F59ECA25DF584B7185507A00 /* LanguageManager.swift in Sources */,
				B5EB229F30198CF0001E0B65 /* EntryDetailSheet.swift in Sources */,
				B5EB22A030198CF0001E0B65 /* QuickFeatureDetailSheet.swift in Sources */,
				B5EB22A130198CF0001E0B65 /* DiaryDetailSheet.swift in Sources */,
				0CB79563C68C21CAF36BC759 /* AppServices.swift in Sources */,
				F0097559B104D2E1D5AFEC7F /* OrbitApp.swift in Sources */,
				6F27C16891ACCAF8DA512449 /* RootView.swift in Sources */,
				DA5D5BA1393E072F3CB048E3 /* ChatView.swift in Sources */,
				FB18DE14643D698D372B4A17 /* ConversationsView.swift in Sources */,
				DF5B16AA480083FBCEAB0050 /* AddFriendView.swift in Sources */,
				357B45FCD5B15783AFF04E14 /* FriendsView.swift in Sources */,
				FD9742195984F61EFF8DF51A /* FriendDetailSheet.swift in Sources */,
				BAF8D759A05B7A7230614A76 /* MapHomeView.swift in Sources */,
				0E81C6F6B4308B354B8A4877 /* LoginView.swift in Sources */,
				EA70E9A4A35FD218001E0B65 /* OnboardingView.swift in Sources */,
				B5EB229B30198CE7001E0B65 /* PlaceDetailSheet.swift in Sources */,
				4325BCC265BADD0B90244CDE /* AvatarEditorView.swift in Sources */,
				5B9ABAE8B982A5C74910D661 /* ProfileView.swift in Sources */,
				5A5F042553321041247B447E /* ReportingSettingsView.swift in Sources */,
				A372222470D084277614F99E /* FirebaseBackendService.swift in Sources */,
				AD2D13476859FCE865DF0D28 /* LiveBackendService.swift in Sources */,
				CD4D6385348CB1F505F7F62D /* StatusHistoryView.swift in Sources */,
				495B545BEC804FE79A9C0392 /* WeatherDetailView.swift in Sources */,
				CEE76672AED549A4A3F1F5B2 /* MembershipView.swift in Sources */,
			);
			runOnlyForDeploymentPostprocessing = 0;
		};
/* End PBXSourcesBuildPhase section */

/* Begin PBXVariantGroup section */
		E181889029FE4C18AD9AFD4D /* Localizable.strings */ = {
			isa = PBXVariantGroup;
			children = (
				ED18D1181A1D44C383490FEE /* en */,
				1B0F00EF254645078964A239 /* zh-Hans */,
			);
			name = Localizable.strings;
			sourceTree = "<group>";
		};
/* End PBXVariantGroup section */

/* Begin XCBuildConfiguration section */
		0CF8206AA0B385A93D33097D /* Release */ = {
			isa = XCBuildConfiguration;
			buildSettings = {
				ALWAYS_SEARCH_USER_PATHS = NO;
				CLANG_ANALYZER_LOCALIZABILITY_NONLOCALIZED = YES;
				CLANG_ANALYZER_NONNULL = YES;
				CLANG_ENABLE_MODULES = YES;
				CLANG_ENABLE_OBJC_ARC = YES;
				CLANG_ENABLE_OBJC_WEAK = YES;
				CLANG_WARN_BLOCK_CAPTURE_AUTORELEASING = YES;
				CLANG_WARN_BOOL_CONVERSION = YES;
				CLANG_WARN_COMMA = YES;
				CLANG_WARN_CONSTANT_CONVERSION = YES;
				CLANG_WARN_DEPRECATED_OBJC_IMPLEMENTATIONS = YES;
				CLANG_WARN_EMPTY_BODY = YES;
				CLANG_WARN_ENUM_CONVERSION = YES;
				CLANG_WARN_INFINITE_RECURSION = YES;
				CLANG_WARN_INT_CONVERSION = YES;
				CLANG_WARN_NON_LITERAL_NULL_CONVERSION = YES;
				CLANG_WARN_OBJC_IMPLICIT_RETAIN_SELF = YES;
				CLANG_WARN_OBJC_LITERAL_CONVERSION = YES;
				CLANG_WARN_QUOTED_INCLUDE_IN_FRAMEWORK_HEADER = YES;
				CLANG_WARN_RANGE_LOOP_ANALYSIS = YES;
				CLANG_WARN_STRICT_PROTOTYPES = YES;
				CLANG_WARN_SUSPICIOUS_MOVE = YES;
				CLANG_WARN_UNREACHABLE_CODE = YES;
				CLANG_WARN__DUPLICATE_METHOD_MATCH = YES;
				COPY_PHASE_STRIP = NO;
				DEBUG_INFORMATION_FORMAT = "dwarf-with-dsym";
				ENABLE_NS_ASSERTIONS = NO;
				ENABLE_STRICT_OBJC_MSGSEND = YES;
				ENABLE_USER_SCRIPT_SANDBOXING = YES;
				GCC_C_LANGUAGE_STANDARD = gnu11;
				GCC_NO_COMMON_BLOCKS = YES;
				GCC_WARN_64_TO_32_BIT_CONVERSION = YES;
				GCC_WARN_ABOUT_RETURN_TYPE = YES;
				GCC_WARN_UNDECLARED_SELECTOR = YES;
				GCC_WARN_UNINITIALIZED_AUTOS = YES;
				GCC_WARN_UNUSED_FUNCTION = YES;
				GCC_WARN_UNUSED_VARIABLE = YES;
				IPHONEOS_DEPLOYMENT_TARGET = 16.0;
				MTL_ENABLE_DEBUG_INFO = NO;
				MTL_FAST_MATH = YES;
				SDKROOT = iphoneos;
				STRING_CATALOG_GENERATE_SYMBOLS = YES;
				SWIFT_COMPILATION_MODE = wholemodule;
				SWIFT_OPTIMIZATION_LEVEL = "-O";
				VALIDATE_PRODUCT = YES;
			};
			name = Release;
		};
		20059E21F925AD836AC2940F /* Debug */ = {
			isa = XCBuildConfiguration;
			buildSettings = {
				ASSETCATALOG_COMPILER_APPICON_NAME = AppIcon;
				ASSETCATALOG_COMPILER_GLOBAL_ACCENT_COLOR_NAME = AccentColor;
				CODE_SIGN_STYLE = Automatic;
				CURRENT_PROJECT_VERSION = 1;
				ENABLE_PREVIEWS = YES;
				GENERATE_INFOPLIST_FILE = NO;
				INFOPLIST_FILE = Orbit/Resources/Info.plist;
				IPHONEOS_DEPLOYMENT_TARGET = 16.0;
				LD_RUNPATH_SEARCH_PATHS = (
					"$(inherited)",
					"@executable_path/Frameworks",
				);
				MARKETING_VERSION = 1.0;
				PRODUCT_BUNDLE_IDENTIFIER = com.orbit.app;
				PRODUCT_NAME = "$(TARGET_NAME)";
				SWIFT_EMIT_LOC_STRINGS = YES;
				SWIFT_OPTIMIZATION_LEVEL = "-Onone";
				SWIFT_VERSION = 5.0;
				TARGETED_DEVICE_FAMILY = "1,2";
			};
			name = Debug;
		};
		218037AB54AB59F5BE8E874E /* Debug */ = {
			isa = XCBuildConfiguration;
			buildSettings = {
				ALWAYS_SEARCH_USER_PATHS = NO;
				CLANG_ANALYZER_LOCALIZABILITY_NONLOCALIZED = YES;
				CLANG_ANALYZER_NONNULL = YES;
				CLANG_ENABLE_MODULES = YES;
				CLANG_ENABLE_OBJC_ARC = YES;
				CLANG_ENABLE_OBJC_WEAK = YES;
				CLANG_WARN_BLOCK_CAPTURE_AUTORELEASING = YES;
				CLANG_WARN_BOOL_CONVERSION = YES;
				CLANG_WARN_COMMA = YES;
				CLANG_WARN_CONSTANT_CONVERSION = YES;
				CLANG_WARN_DEPRECATED_OBJC_IMPLEMENTATIONS = YES;
				CLANG_WARN_EMPTY_BODY = YES;
				CLANG_WARN_ENUM_CONVERSION = YES;
				CLANG_WARN_INFINITE_RECURSION = YES;
				CLANG_WARN_INT_CONVERSION = YES;
				CLANG_WARN_NON_LITERAL_NULL_CONVERSION = YES;
				CLANG_WARN_OBJC_IMPLICIT_RETAIN_SELF = YES;
				CLANG_WARN_OBJC_LITERAL_CONVERSION = YES;
				CLANG_WARN_QUOTED_INCLUDE_IN_FRAMEWORK_HEADER = YES;
				CLANG_WARN_RANGE_LOOP_ANALYSIS = YES;
				CLANG_WARN_STRICT_PROTOTYPES = YES;
				CLANG_WARN_SUSPICIOUS_MOVE = YES;
				CLANG_WARN_UNREACHABLE_CODE = YES;
				CLANG_WARN__DUPLICATE_METHOD_MATCH = YES;
				COPY_PHASE_STRIP = NO;
				DEBUG_INFORMATION_FORMAT = dwarf;
				ENABLE_STRICT_OBJC_MSGSEND = YES;
				ENABLE_TESTABILITY = YES;
				ENABLE_USER_SCRIPT_SANDBOXING = YES;
				GCC_C_LANGUAGE_STANDARD = gnu11;
				GCC_DYNAMIC_NO_PIC = NO;
				GCC_NO_COMMON_BLOCKS = YES;
				GCC_OPTIMIZATION_LEVEL = 0;
				GCC_PREPROCESSOR_DEFINITIONS = (
					"DEBUG=1",
					"$(inherited)",
				);
				GCC_WARN_64_TO_32_BIT_CONVERSION = YES;
				GCC_WARN_ABOUT_RETURN_TYPE = YES;
				GCC_WARN_UNDECLARED_SELECTOR = YES;
				GCC_WARN_UNINITIALIZED_AUTOS = YES;
				GCC_WARN_UNUSED_FUNCTION = YES;
				GCC_WARN_UNUSED_VARIABLE = YES;
				IPHONEOS_DEPLOYMENT_TARGET = 16.0;
				MTL_ENABLE_DEBUG_INFO = INCLUDE_SOURCE;
				MTL_FAST_MATH = YES;
				ONLY_ACTIVE_ARCH = YES;
				SDKROOT = iphoneos;
				STRING_CATALOG_GENERATE_SYMBOLS = YES;
				SWIFT_ACTIVE_COMPILATION_CONDITIONS = DEBUG;
				SWIFT_OPTIMIZATION_LEVEL = "-Onone";
			};
			name = Debug;
		};
		C28072A195776CA6F6E4EF27 /* Release */ = {
			isa = XCBuildConfiguration;
			buildSettings = {
				ASSETCATALOG_COMPILER_APPICON_NAME = AppIcon;
				ASSETCATALOG_COMPILER_GLOBAL_ACCENT_COLOR_NAME = AccentColor;
				CODE_SIGN_STYLE = Automatic;
				CURRENT_PROJECT_VERSION = 1;
				ENABLE_PREVIEWS = YES;
				GENERATE_INFOPLIST_FILE = NO;
				INFOPLIST_FILE = Orbit/Resources/Info.plist;
				IPHONEOS_DEPLOYMENT_TARGET = 16.0;
				LD_RUNPATH_SEARCH_PATHS = (
					"$(inherited)",
					"@executable_path/Frameworks",
				);
				MARKETING_VERSION = 1.0;
				PRODUCT_BUNDLE_IDENTIFIER = com.orbit.app;
				PRODUCT_NAME = "$(TARGET_NAME)";
				SWIFT_COMPILATION_MODE = wholemodule;
				SWIFT_EMIT_LOC_STRINGS = YES;
				SWIFT_VERSION = 5.0;
				TARGETED_DEVICE_FAMILY = "1,2";
			};
			name = Release;
		};
/* End XCBuildConfiguration section */

/* Begin XCConfigurationList section */
		4513333F934C61E7818EFCC3 /* Build configuration list for PBXProject "Orbit" */ = {
			isa = XCConfigurationList;
			buildConfigurations = (
				218037AB54AB59F5BE8E874E /* Debug */,
				0CF8206AA0B385A93D33097D /* Release */,
			);
			defaultConfigurationIsVisible = 0;
			defaultConfigurationName = Release;
		};
		4985AD989563B2F3A8B7C515 /* Build configuration list for PBXNativeTarget "Orbit" */ = {
			isa = XCConfigurationList;
			buildConfigurations = (
				20059E21F925AD836AC2940F /* Debug */,
				C28072A195776CA6F6E4EF27 /* Release */,
			);
			defaultConfigurationIsVisible = 0;
			defaultConfigurationName = Release;
		};
/* End XCConfigurationList section */

/* Begin XCLocalSwiftPackageReference section */
		B5E4428A3010CCD700773483 /* XCLocalSwiftPackageReference "Packages/OrbitCore" */ = {
			isa = XCLocalSwiftPackageReference;
			relativePath = Packages/OrbitCore;
		};
		B5E4428D3010CCE000773483 /* XCLocalSwiftPackageReference "Packages/OrbitServices" */ = {
			isa = XCLocalSwiftPackageReference;
			relativePath = Packages/OrbitServices;
		};
		B5E442903010CCE700773483 /* XCLocalSwiftPackageReference "Packages/OrbitUI" */ = {
			isa = XCLocalSwiftPackageReference;
			relativePath = Packages/OrbitUI;
		};
/* End XCLocalSwiftPackageReference section */

/* Begin XCSwiftPackageProductDependency section */
		6CF308983486947A37BA37F0 /* OrbitServices */ = {
			isa = XCSwiftPackageProductDependency;
			productName = OrbitServices;
		};
		9006EC29068E2AE2A5CB73BC /* OrbitUI */ = {
			isa = XCSwiftPackageProductDependency;
			productName = OrbitUI;
		};
		B5E4428B3010CCD700773483 /* OrbitCore */ = {
			isa = XCSwiftPackageProductDependency;
			productName = OrbitCore;
		};
		B5E4428E3010CCE000773483 /* OrbitServices */ = {
			isa = XCSwiftPackageProductDependency;
			productName = OrbitServices;
		};
		B5E442913010CCE700773483 /* OrbitUI */ = {
			isa = XCSwiftPackageProductDependency;
			productName = OrbitUI;
		};
		B7CD6A791B4B17FB6173EFDE /* OrbitCore */ = {
			isa = XCSwiftPackageProductDependency;
			productName = OrbitCore;
		};
/* End XCSwiftPackageProductDependency section */
	};
	rootObject = 46F86FAA6BBF9AC94A7E4595 /* Project object */;
}
